
Microsoft Visual Studio Solution File, Format Version 12.00
# Visual Studio 15
VisualStudioVersion = 15.0.27130.2024
MinimumVisualStudioVersion = 10.0.40219.1
Project("{2150E333-8FDC-42A3-9474-1A3956D46DE8}") = "Chapitre_1", "Chapitre_1", "{506C6FA6-9F4A-4D51-A376-A5B1354B5700}"
EndProject
Project("{FAE04EC0-301F-11D3-BF4B-00C04F79EFBC}") = "01_CodageDecodage", "chapitre_01\VS2013_01_CodageDecodage\VS2013_01_CodageDecodage\01_CodageDecodage.csproj", "{BBE587CF-8575-4071-9987-1DD0A2FEB0D8}"
EndProject
Project("{FAE04EC0-301F-11D3-BF4B-00C04F79EFBC}") = "01_ConvertirNiveauGris", "chapitre_01\VS2013_01_ConvertirNiveauGris\VS2013_01_ConvertirNiveauGris\01_ConvertirNiveauGris.csproj", "{3AFCAD3E-F6E1-4468-B670-25953A92F884}"
EndProject
Project("{FAE04EC0-301F-11D3-BF4B-00C04F79EFBC}") = "01_IsolerComposante", "chapitre_01\VS2013_01_IsolerComposante\VS2013_01_IsolerComposante\01_IsolerComposante.csproj", "{C60FF0EC-11FD-49AA-9734-EF778FFE6DC7}"
EndProject
Project("{FAE04EC0-301F-11D3-BF4B-00C04F79EFBC}") = "01_LirePixel", "chapitre_01\VS2013_01_LirePixel\VS2013_01_LirePixel\01_LirePixel.csproj", "{9184E0CA-8B19-417F-9A01-942581C0DE62}"
EndProject
Project("{FAE04EC0-301F-11D3-BF4B-00C04F79EFBC}") = "01_manipulations", "chapitre_01\VS2013_01_manipulations\VS2013_01_manipulations\01_manipulations.csproj", "{82DE0B31-4E96-4CEC-8ABD-7040D3E8344C}"
EndProject
Project("{FAE04EC0-301F-11D3-BF4B-00C04F79EFBC}") = "CollectionImages", "chapitre_01\VS2013_01_manipulations\VS2013_CollectionImages\CollectionImages.csproj", "{A27F85D3-910F-4B89-AF19-306120FCB1DF}"
EndProject
Project("{2150E333-8FDC-42A3-9474-1A3956D46DE8}") = "Chapitre_2", "Chapitre_2", "{886104E6-AFCB-4626-B928-B4E14E6BAA3E}"
EndProject
Project("{2150E333-8FDC-42A3-9474-1A3956D46DE8}") = "Chapitre_3", "Chapitre_3", "{7AECF715-A16A-47B0-8EF3-C88E3BA1CFED}"
EndProject
Project("{2150E333-8FDC-42A3-9474-1A3956D46DE8}") = "Chapitre_4", "Chapitre_4", "{B219D59C-CC25-46AD-870C-5BC293642FC7}"
EndProject
Project("{2150E333-8FDC-42A3-9474-1A3956D46DE8}") = "Chapitre_5", "Chapitre_5", "{438EC530-6A0D-4E8A-B3A3-EB836E6F8E15}"
EndProject
Project("{2150E333-8FDC-42A3-9474-1A3956D46DE8}") = "Chapitre_6", "Chapitre_6", "{DC224CFA-50B8-4973-8737-7444A50DBFAA}"
EndProject
Project("{2150E333-8FDC-42A3-9474-1A3956D46DE8}") = "Chapitre_7", "Chapitre_7", "{0EEA0A73-FF69-44A1-AEF3-23767A92FB55}"
EndProject
Project("{FAE04EC0-301F-11D3-BF4B-00C04F79EFBC}") = "VS2013_02_TransLog", "chapitre_02\VS2013_02_TransLog\VS2013_02_TransLog\VS2013_02_TransLog.csproj", "{A8269203-D2BD-4807-93FC-B78FB2B0BCC7}"
EndProject
Project("{FAE04EC0-301F-11D3-BF4B-00C04F79EFBC}") = "VS2013_02_TransNegative", "chapitre_02\VS2013_02_TransNegative\VS2013_02_TransNegative\VS2013_02_TransNegative.csproj", "{57F37932-94BF-4BCB-AF2A-207A256BF9E8}"
EndProject
Project("{FAE04EC0-301F-11D3-BF4B-00C04F79EFBC}") = "VS2013_02_TransPuissance", "chapitre_02\VS2013_02_TransPuissance\VS2013_02_TransPuissance\VS2013_02_TransPuissance.csproj", "{D77B5F97-8161-4374-959D-24459207E5D2}"
EndProject
Project("{FAE04EC0-301F-11D3-BF4B-00C04F79EFBC}") = "VS2013_03_EgalisationHisto", "chapitre_03\VS2013_03_EgalisationHisto\VS2013_03_EgalisationHisto\VS2013_03_EgalisationHisto.csproj", "{282E8DF8-8EBB-41E3-B0B6-DC9B91320AC1}"
EndProject
Project("{FAE04EC0-301F-11D3-BF4B-00C04F79EFBC}") = "VS2013_03_ExpansionDynamique", "chapitre_03\VS2013_03_ExpansionDynamique\VS2013_03_ExpansionDynamique\VS2013_03_ExpansionDynamique.csproj", "{9F0EF120-5B23-4B43-92E1-8474C4D95F7E}"
EndProject
Project("{FAE04EC0-301F-11D3-BF4B-00C04F79EFBC}") = "VS2013_03_HistoCumule", "chapitre_03\VS2013_03_HistoCumule\VS2013_03_HistoCumule\VS2013_03_HistoCumule.csproj", "{81BA3316-C6A7-40D8-A257-5D02014A9F18}"
EndProject
Project("{FAE04EC0-301F-11D3-BF4B-00C04F79EFBC}") = "VS2013_03_Histogramme", "chapitre_03\VS2013_03_Histogramme\VS2013_03_Histogramme\VS2013_03_Histogramme.csproj", "{EFE6DB27-739C-4EFC-9A08-C3C36C246B8F}"
EndProject
Project("{FAE04EC0-301F-11D3-BF4B-00C04F79EFBC}") = "VS2013_03_HistoNormalise", "chapitre_03\VS2013_03_HistoNormalise\VS2013_03_HistoNormalise\VS2013_03_HistoNormalise.csproj", "{69CFBD08-3824-4683-A489-C912C89DC02C}"
EndProject
Project("{FAE04EC0-301F-11D3-BF4B-00C04F79EFBC}") = "VS2013_03_SortesHistogrammes", "chapitre_03\VS2013_03_SortesHistogrammes\VS2013_03_SortesHistogrammes\VS2013_03_SortesHistogrammes.csproj", "{EF559A1D-633A-431B-82FA-1407340793D0}"
EndProject
Project("{FAE04EC0-301F-11D3-BF4B-00C04F79EFBC}") = "VS2013_03_Specification", "chapitre_03\VS2013_03_Specification\VS2013_03_Specification\VS2013_03_Specification.csproj", "{500F0356-F034-4437-A580-12CAD2B9FBCF}"
EndProject
Project("{FAE04EC0-301F-11D3-BF4B-00C04F79EFBC}") = "VS2013_04_AdditionImage", "chapitre_04\VS2013_04_AdditionImage\VS2013_04_AdditionImage\VS2013_04_AdditionImage.csproj", "{83986A89-3AF1-4696-93CC-2BB581A42B43}"
EndProject
Project("{FAE04EC0-301F-11D3-BF4B-00C04F79EFBC}") = "VS2013_04_OperationLogique", "chapitre_04\VS2013_04_OperationLogique\VS2013_04_OperationLogique\VS2013_04_OperationLogique.csproj", "{3B95D879-4BBF-4C02-90EE-6899FADDC78C}"
EndProject
Project("{FAE04EC0-301F-11D3-BF4B-00C04F79EFBC}") = "VS2013_04_SoustractionImage", "chapitre_04\VS2013_04_SoustractionImage\VS2013_04_SoustractionImage\VS2013_04_SoustractionImage.csproj", "{62AA64D6-1F88-4313-8FD1-2C4F5D676A7A}"
EndProject
Project("{FAE04EC0-301F-11D3-BF4B-00C04F79EFBC}") = "VS2013_04_Watermark", "chapitre_04\VS2013_04_Watermark\VS2013_04_Watermark\VS2013_04_Watermark.csproj", "{4C38C161-48DA-41DE-BCF7-B33D7E1EF98C}"
EndProject
Project("{FAE04EC0-301F-11D3-BF4B-00C04F79EFBC}") = "VS2013_04MultiplicationImage", "chapitre_04\VS2013_04MultiplicationImage\VS2013_04MultiplicationImage\VS2013_04MultiplicationImage.csproj", "{178878FF-B4F8-457F-99D0-1F171477FD5D}"
EndProject
Project("{FAE04EC0-301F-11D3-BF4B-00C04F79EFBC}") = "VS2013_05_Bicubique", "chapitre_05\VS2013_05_Bicubique\VS2013_05_Bicubique\VS2013_05_Bicubique.csproj", "{50DA9F5E-B313-4142-A8A1-B754DB86A3EE}"
EndProject
Project("{FAE04EC0-301F-11D3-BF4B-00C04F79EFBC}") = "VS2013_05_BicubiqueCouleur", "chapitre_05\VS2013_05_BicubiqueCouleur\VS2013_05_BicubiqueCouleur\VS2013_05_BicubiqueCouleur.csproj", "{8CBD4CE3-0B00-412E-9160-3E1B27AD6546}"
EndProject
Project("{FAE04EC0-301F-11D3-BF4B-00C04F79EFBC}") = "VS2013_05_Bilineaire", "chapitre_05\VS2013_05_Bilineaire\VS2013_05_Bilineaire\VS2013_05_Bilineaire.csproj", "{04E18EA2-06B7-4C57-87C9-5361D2AAF537}"
EndProject
Project("{FAE04EC0-301F-11D3-BF4B-00C04F79EFBC}") = "VS2013_05_PlusProcheVoisin", "chapitre_05\VS2013_05_PlusProcheVoisin\VS2013_05_PlusProcheVoisin\VS2013_05_PlusProcheVoisin.csproj", "{7C6ECBC2-0C42-4295-9936-998335C42248}"
EndProject
Project("{FAE04EC0-301F-11D3-BF4B-00C04F79EFBC}") = "VS2013_06_Exponentiel", "chapitre_06\VS2013_06_Exponentiel\VS2013_06_Exponentiel\VS2013_06_Exponentiel.csproj", "{3123569F-F40F-4C22-9DA4-3A8D6B4E515B}"
EndProject
Project("{FAE04EC0-301F-11D3-BF4B-00C04F79EFBC}") = "VS2013_06_Gaussien", "chapitre_06\VS2013_06_Gaussien\VS2013_06_Gaussien\VS2013_06_Gaussien.csproj", "{6BF739C4-1B51-41C4-BAA9-206B5698D56E}"
EndProject
Project("{FAE04EC0-301F-11D3-BF4B-00C04F79EFBC}") = "VS2013_06_Laplace", "chapitre_06\VS2013_06_Laplace\VS2013_06_Laplace\VS2013_06_Laplace.csproj", "{882CFD78-A7CE-42F7-9E8E-96144DF94874}"
EndProject
Project("{FAE04EC0-301F-11D3-BF4B-00C04F79EFBC}") = "VS2013_06_Median", "chapitre_06\VS2013_06_Median\VS2013_06_Median\VS2013_06_Median.csproj", "{CA38C0A2-7234-42D4-BE89-2314696B8A26}"
EndProject
Project("{FAE04EC0-301F-11D3-BF4B-00C04F79EFBC}") = "VS2013_06_MinimumMaximum", "chapitre_06\VS2013_06_MinimumMaximum\VS2013_06_MinimumMaximum\VS2013_06_MinimumMaximum.csproj", "{72240E3C-280A-4F2F-B164-5C6BFFF383E9}"
EndProject
Project("{FAE04EC0-301F-11D3-BF4B-00C04F79EFBC}") = "VS2013_06_ModeleBruit", "chapitre_06\VS2013_06_ModeleBruit\VS2013_06_ModeleBruit\VS2013_06_ModeleBruit.csproj", "{C062B99B-3AB3-49D8-873B-A7AB51D6CE58}"
EndProject
Project("{FAE04EC0-301F-11D3-BF4B-00C04F79EFBC}") = "VS2013_06_Moyenneur", "chapitre_06\VS2013_06_Moyenneur\VS2013_06_Moyenneur\VS2013_06_Moyenneur.csproj", "{541123AD-1DB2-40EA-BFF3-2E7E65BF4F69}"
EndProject
Project("{FAE04EC0-301F-11D3-BF4B-00C04F79EFBC}") = "VS2013_06_PrewittSobel", "chapitre_06\VS2013_06_PrewittSobel\VS2013_06_PrewittSobel\VS2013_06_PrewittSobel.csproj", "{2B04E89B-0519-4813-9B24-68ABED97D42A}"
EndProject
Project("{FAE04EC0-301F-11D3-BF4B-00C04F79EFBC}") = "VS2013_06_Rehausseur", "chapitre_06\VS2013_06_Rehausseur\VS2013_06_Rehausseur\VS2013_06_Rehausseur.csproj", "{873D4C8C-C94A-4097-B39C-22D13FB88969}"
EndProject
Project("{FAE04EC0-301F-11D3-BF4B-00C04F79EFBC}") = "VS2013_07_ContourFreeman", "chapitre_07\VS2013_07_ContourFreeman\VS2013_07_ContourFreeman\VS2013_07_ContourFreeman.csproj", "{2C13E656-6A9E-4D6C-A6A9-AAB877116A10}"
EndProject
Project("{FAE04EC0-301F-11D3-BF4B-00C04F79EFBC}") = "VS2013_07_Morphologie", "chapitre_07\VS2013_07_Morphologie\VS2013_07_Morphologie\VS2013_07_Morphologie.csproj", "{2E942F56-45E4-4D8C-8934-EB9F83F96770}"
EndProject
Project("{FAE04EC0-301F-11D3-BF4B-00C04F79EFBC}") = "VS2013_07_SegDivisionEx", "chapitre_07\VS2013_07_SegDivisionEx\VS2013_07_SegDivisionEx\VS2013_07_SegDivisionEx.csproj", "{07D8C4FD-2055-4716-B0FA-164103A67C89}"
EndProject
Project("{FAE04EC0-301F-11D3-BF4B-00C04F79EFBC}") = "VS2013_07_SegmentationDivision", "chapitre_07\VS2013_07_SegmentationDivision\VS2013_07_SegmentationDivision\VS2013_07_SegmentationDivision.csproj", "{D9290BCD-1667-47FF-9683-CB8B3763561F}"
EndProject
Project("{FAE04EC0-301F-11D3-BF4B-00C04F79EFBC}") = "VS2013_07_SeuillageClassique", "chapitre_07\VS2013_07_SeuillageClassique\VS2013_07_SeuillageClassique\VS2013_07_SeuillageClassique.csproj", "{BDE1D94A-1834-413E-89B1-D66A794A6DE5}"
EndProject
Project("{FAE04EC0-301F-11D3-BF4B-00C04F79EFBC}") = "VS2013_07_SeuillageDeuxValeurs", "chapitre_07\VS2013_07_SeuillageDeuxValeurs\VS2013_07_SeuillageDeuxValeurs\VS2013_07_SeuillageDeuxValeurs.csproj", "{A0DAD3F1-7517-4056-82E4-A5CF80B63411}"
EndProject
Project("{FAE04EC0-301F-11D3-BF4B-00C04F79EFBC}") = "VS2013_07_SeuillageOptimal", "chapitre_07\VS2013_07_SeuillageOptimal\VS2013_07_SeuillageOptimal\VS2013_07_SeuillageOptimal.csproj", "{E6038919-48D5-436C-9D64-68E429E2F8BB}"
EndProject
Project("{FAE04EC0-301F-11D3-BF4B-00C04F79EFBC}") = "VS2013_07_SeuillageTronque", "chapitre_07\VS2013_07_SeuillageTronque\VS2013_07_SeuillageTronque\VS2013_07_SeuillageTronque.csproj", "{4F33F467-0437-4573-9931-8DBC925DC4D8}"
EndProject
Project("{FAE04EC0-301F-11D3-BF4B-00C04F79EFBC}") = "VS2013_07_SeuillageZero", "chapitre_07\VS2013_07_SeuillageZero\VS2013_07_SeuillageZero\VS2013_07_SeuillageZero.csproj", "{6FA34F79-17A1-4D8D-91C2-B7EA135572EE}"
EndProject
Project("{2150E333-8FDC-42A3-9474-1A3956D46DE8}") = "MyTest", "MyTest", "{08C284E7-D4FB-48A5-9324-0E65012CAB29}"
EndProject
Project("{FAE04EC0-301F-11D3-BF4B-00C04F79EFBC}") = "ImageManipulation", "ImageManipulation\ImageManipulation.csproj", "{D5C6ADA8-5547-44BC-BC6A-DC0A1E74B736}"
EndProject
Project("{FAE04EC0-301F-11D3-BF4B-00C04F79EFBC}") = "ImageManipulationTests", "ImageManipulationTests\ImageManipulationTests.csproj", "{9E6D8A14-3EAF-4E28-8C77-CC0E5C93E213}"
EndProject
Project("{2150E333-8FDC-42A3-9474-1A3956D46DE8}") = "Test", "Test", "{39D3C17C-8E3B-4D0B-A692-A9505DB2DA41}"
EndProject
Project("{FAE04EC0-301F-11D3-BF4B-00C04F79EFBC}") = "WpfTestLibrary", "WpfTestLibrary\WpfTestLibrary.csproj", "{6202FCBE-0E88-45F5-B433-546D0064252C}"
EndProject
Global
	GlobalSection(SolutionConfigurationPlatforms) = preSolution
		Debug|Any CPU = Debug|Any CPU
		Release|Any CPU = Release|Any CPU
	EndGlobalSection
	GlobalSection(ProjectConfigurationPlatforms) = postSolution
		{BBE587CF-8575-4071-9987-1DD0A2FEB0D8}.Debug|Any CPU.ActiveCfg = Debug|Any CPU
		{BBE587CF-8575-4071-9987-1DD0A2FEB0D8}.Debug|Any CPU.Build.0 = Debug|Any CPU
		{BBE587CF-8575-4071-9987-1DD0A2FEB0D8}.Release|Any CPU.ActiveCfg = Release|Any CPU
		{BBE587CF-8575-4071-9987-1DD0A2FEB0D8}.Release|Any CPU.Build.0 = Release|Any CPU
		{3AFCAD3E-F6E1-4468-B670-25953A92F884}.Debug|Any CPU.ActiveCfg = Debug|Any CPU
		{3AFCAD3E-F6E1-4468-B670-25953A92F884}.Debug|Any CPU.Build.0 = Debug|Any CPU
		{3AFCAD3E-F6E1-4468-B670-25953A92F884}.Release|Any CPU.ActiveCfg = Release|Any CPU
		{3AFCAD3E-F6E1-4468-B670-25953A92F884}.Release|Any CPU.Build.0 = Release|Any CPU
		{C60FF0EC-11FD-49AA-9734-EF778FFE6DC7}.Debug|Any CPU.ActiveCfg = Debug|Any CPU
		{C60FF0EC-11FD-49AA-9734-EF778FFE6DC7}.Debug|Any CPU.Build.0 = Debug|Any CPU
		{C60FF0EC-11FD-49AA-9734-EF778FFE6DC7}.Release|Any CPU.ActiveCfg = Release|Any CPU
		{C60FF0EC-11FD-49AA-9734-EF778FFE6DC7}.Release|Any CPU.Build.0 = Release|Any CPU
		{9184E0CA-8B19-417F-9A01-942581C0DE62}.Debug|Any CPU.ActiveCfg = Debug|Any CPU
		{9184E0CA-8B19-417F-9A01-942581C0DE62}.Debug|Any CPU.Build.0 = Debug|Any CPU
		{9184E0CA-8B19-417F-9A01-942581C0DE62}.Release|Any CPU.ActiveCfg = Release|Any CPU
		{9184E0CA-8B19-417F-9A01-942581C0DE62}.Release|Any CPU.Build.0 = Release|Any CPU
		{82DE0B31-4E96-4CEC-8ABD-7040D3E8344C}.Debug|Any CPU.ActiveCfg = Debug|Any CPU
		{82DE0B31-4E96-4CEC-8ABD-7040D3E8344C}.Debug|Any CPU.Build.0 = Debug|Any CPU
		{82DE0B31-4E96-4CEC-8ABD-7040D3E8344C}.Release|Any CPU.ActiveCfg = Release|Any CPU
		{82DE0B31-4E96-4CEC-8ABD-7040D3E8344C}.Release|Any CPU.Build.0 = Release|Any CPU
		{A27F85D3-910F-4B89-AF19-306120FCB1DF}.Debug|Any CPU.ActiveCfg = Debug|Any CPU
		{A27F85D3-910F-4B89-AF19-306120FCB1DF}.Debug|Any CPU.Build.0 = Debug|Any CPU
		{A27F85D3-910F-4B89-AF19-306120FCB1DF}.Release|Any CPU.ActiveCfg = Release|Any CPU
		{A27F85D3-910F-4B89-AF19-306120FCB1DF}.Release|Any CPU.Build.0 = Release|Any CPU
		{A8269203-D2BD-4807-93FC-B78FB2B0BCC7}.Debug|Any CPU.ActiveCfg = Debug|Any CPU
		{A8269203-D2BD-4807-93FC-B78FB2B0BCC7}.Debug|Any CPU.Build.0 = Debug|Any CPU
		{A8269203-D2BD-4807-93FC-B78FB2B0BCC7}.Release|Any CPU.ActiveCfg = Release|Any CPU
		{A8269203-D2BD-4807-93FC-B78FB2B0BCC7}.Release|Any CPU.Build.0 = Release|Any CPU
		{57F37932-94BF-4BCB-AF2A-207A256BF9E8}.Debug|Any CPU.ActiveCfg = Debug|Any CPU
		{57F37932-94BF-4BCB-AF2A-207A256BF9E8}.Debug|Any CPU.Build.0 = Debug|Any CPU
		{57F37932-94BF-4BCB-AF2A-207A256BF9E8}.Release|Any CPU.ActiveCfg = Release|Any CPU
		{57F37932-94BF-4BCB-AF2A-207A256BF9E8}.Release|Any CPU.Build.0 = Release|Any CPU
		{D77B5F97-8161-4374-959D-24459207E5D2}.Debug|Any CPU.ActiveCfg = Debug|Any CPU
		{D77B5F97-8161-4374-959D-24459207E5D2}.Debug|Any CPU.Build.0 = Debug|Any CPU
		{D77B5F97-8161-4374-959D-24459207E5D2}.Release|Any CPU.ActiveCfg = Release|Any CPU
		{D77B5F97-8161-4374-959D-24459207E5D2}.Release|Any CPU.Build.0 = Release|Any CPU
		{282E8DF8-8EBB-41E3-B0B6-DC9B91320AC1}.Debug|Any CPU.ActiveCfg = Debug|Any CPU
		{282E8DF8-8EBB-41E3-B0B6-DC9B91320AC1}.Debug|Any CPU.Build.0 = Debug|Any CPU
		{282E8DF8-8EBB-41E3-B0B6-DC9B91320AC1}.Release|Any CPU.ActiveCfg = Release|Any CPU
		{282E8DF8-8EBB-41E3-B0B6-DC9B91320AC1}.Release|Any CPU.Build.0 = Release|Any CPU
		{9F0EF120-5B23-4B43-92E1-8474C4D95F7E}.Debug|Any CPU.ActiveCfg = Debug|Any CPU
		{9F0EF120-5B23-4B43-92E1-8474C4D95F7E}.Debug|Any CPU.Build.0 = Debug|Any CPU
		{9F0EF120-5B23-4B43-92E1-8474C4D95F7E}.Release|Any CPU.ActiveCfg = Release|Any CPU
		{9F0EF120-5B23-4B43-92E1-8474C4D95F7E}.Release|Any CPU.Build.0 = Release|Any CPU
		{81BA3316-C6A7-40D8-A257-5D02014A9F18}.Debug|Any CPU.ActiveCfg = Debug|Any CPU
		{81BA3316-C6A7-40D8-A257-5D02014A9F18}.Debug|Any CPU.Build.0 = Debug|Any CPU
		{81BA3316-C6A7-40D8-A257-5D02014A9F18}.Release|Any CPU.ActiveCfg = Release|Any CPU
		{81BA3316-C6A7-40D8-A257-5D02014A9F18}.Release|Any CPU.Build.0 = Release|Any CPU
		{EFE6DB27-739C-4EFC-9A08-C3C36C246B8F}.Debug|Any CPU.ActiveCfg = Debug|Any CPU
		{EFE6DB27-739C-4EFC-9A08-C3C36C246B8F}.Debug|Any CPU.Build.0 = Debug|Any CPU
		{EFE6DB27-739C-4EFC-9A08-C3C36C246B8F}.Release|Any CPU.ActiveCfg = Release|Any CPU
		{EFE6DB27-739C-4EFC-9A08-C3C36C246B8F}.Release|Any CPU.Build.0 = Release|Any CPU
		{69CFBD08-3824-4683-A489-C912C89DC02C}.Debug|Any CPU.ActiveCfg = Debug|Any CPU
		{69CFBD08-3824-4683-A489-C912C89DC02C}.Debug|Any CPU.Build.0 = Debug|Any CPU
		{69CFBD08-3824-4683-A489-C912C89DC02C}.Release|Any CPU.ActiveCfg = Release|Any CPU
		{69CFBD08-3824-4683-A489-C912C89DC02C}.Release|Any CPU.Build.0 = Release|Any CPU
		{EF559A1D-633A-431B-82FA-1407340793D0}.Debug|Any CPU.ActiveCfg = Debug|Any CPU
		{EF559A1D-633A-431B-82FA-1407340793D0}.Debug|Any CPU.Build.0 = Debug|Any CPU
		{EF559A1D-633A-431B-82FA-1407340793D0}.Release|Any CPU.ActiveCfg = Release|Any CPU
		{EF559A1D-633A-431B-82FA-1407340793D0}.Release|Any CPU.Build.0 = Release|Any CPU
		{500F0356-F034-4437-A580-12CAD2B9FBCF}.Debug|Any CPU.ActiveCfg = Debug|Any CPU
		{500F0356-F034-4437-A580-12CAD2B9FBCF}.Debug|Any CPU.Build.0 = Debug|Any CPU
		{500F0356-F034-4437-A580-12CAD2B9FBCF}.Release|Any CPU.ActiveCfg = Release|Any CPU
		{500F0356-F034-4437-A580-12CAD2B9FBCF}.Release|Any CPU.Build.0 = Release|Any CPU
		{83986A89-3AF1-4696-93CC-2BB581A42B43}.Debug|Any CPU.ActiveCfg = Debug|Any CPU
		{83986A89-3AF1-4696-93CC-2BB581A42B43}.Debug|Any CPU.Build.0 = Debug|Any CPU
		{83986A89-3AF1-4696-93CC-2BB581A42B43}.Release|Any CPU.ActiveCfg = Release|Any CPU
		{83986A89-3AF1-4696-93CC-2BB581A42B43}.Release|Any CPU.Build.0 = Release|Any CPU
		{3B95D879-4BBF-4C02-90EE-6899FADDC78C}.Debug|Any CPU.ActiveCfg = Debug|Any CPU
		{3B95D879-4BBF-4C02-90EE-6899FADDC78C}.Debug|Any CPU.Build.0 = Debug|Any CPU
		{3B95D879-4BBF-4C02-90EE-6899FADDC78C}.Release|Any CPU.ActiveCfg = Release|Any CPU
		{3B95D879-4BBF-4C02-90EE-6899FADDC78C}.Release|Any CPU.Build.0 = Release|Any CPU
		{62AA64D6-1F88-4313-8FD1-2C4F5D676A7A}.Debug|Any CPU.ActiveCfg = Debug|Any CPU
		{62AA64D6-1F88-4313-8FD1-2C4F5D676A7A}.Debug|Any CPU.Build.0 = Debug|Any CPU
		{62AA64D6-1F88-4313-8FD1-2C4F5D676A7A}.Release|Any CPU.ActiveCfg = Release|Any CPU
		{62AA64D6-1F88-4313-8FD1-2C4F5D676A7A}.Release|Any CPU.Build.0 = Release|Any CPU
		{4C38C161-48DA-41DE-BCF7-B33D7E1EF98C}.Debug|Any CPU.ActiveCfg = Debug|Any CPU
		{4C38C161-48DA-41DE-BCF7-B33D7E1EF98C}.Debug|Any CPU.Build.0 = Debug|Any CPU
		{4C38C161-48DA-41DE-BCF7-B33D7E1EF98C}.Release|Any CPU.ActiveCfg = Release|Any CPU
		{4C38C161-48DA-41DE-BCF7-B33D7E1EF98C}.Release|Any CPU.Build.0 = Release|Any CPU
		{178878FF-B4F8-457F-99D0-1F171477FD5D}.Debug|Any CPU.ActiveCfg = Debug|Any CPU
		{178878FF-B4F8-457F-99D0-1F171477FD5D}.Debug|Any CPU.Build.0 = Debug|Any CPU
		{178878FF-B4F8-457F-99D0-1F171477FD5D}.Release|Any CPU.ActiveCfg = Release|Any CPU
		{178878FF-B4F8-457F-99D0-1F171477FD5D}.Release|Any CPU.Build.0 = Release|Any CPU
		{50DA9F5E-B313-4142-A8A1-B754DB86A3EE}.Debug|Any CPU.ActiveCfg = Debug|Any CPU
		{50DA9F5E-B313-4142-A8A1-B754DB86A3EE}.Debug|Any CPU.Build.0 = Debug|Any CPU
		{50DA9F5E-B313-4142-A8A1-B754DB86A3EE}.Release|Any CPU.ActiveCfg = Release|Any CPU
		{50DA9F5E-B313-4142-A8A1-B754DB86A3EE}.Release|Any CPU.Build.0 = Release|Any CPU
		{8CBD4CE3-0B00-412E-9160-3E1B27AD6546}.Debug|Any CPU.ActiveCfg = Debug|Any CPU
		{8CBD4CE3-0B00-412E-9160-3E1B27AD6546}.Debug|Any CPU.Build.0 = Debug|Any CPU
		{8CBD4CE3-0B00-412E-9160-3E1B27AD6546}.Release|Any CPU.ActiveCfg = Release|Any CPU
		{8CBD4CE3-0B00-412E-9160-3E1B27AD6546}.Release|Any CPU.Build.0 = Release|Any CPU
		{04E18EA2-06B7-4C57-87C9-5361D2AAF537}.Debug|Any CPU.ActiveCfg = Debug|Any CPU
		{04E18EA2-06B7-4C57-87C9-5361D2AAF537}.Debug|Any CPU.Build.0 = Debug|Any CPU
		{04E18EA2-06B7-4C57-87C9-5361D2AAF537}.Release|Any CPU.ActiveCfg = Release|Any CPU
		{04E18EA2-06B7-4C57-87C9-5361D2AAF537}.Release|Any CPU.Build.0 = Release|Any CPU
		{7C6ECBC2-0C42-4295-9936-998335C42248}.Debug|Any CPU.ActiveCfg = Debug|Any CPU
		{7C6ECBC2-0C42-4295-9936-998335C42248}.Debug|Any CPU.Build.0 = Debug|Any CPU
		{7C6ECBC2-0C42-4295-9936-998335C42248}.Release|Any CPU.ActiveCfg = Release|Any CPU
		{7C6ECBC2-0C42-4295-9936-998335C42248}.Release|Any CPU.Build.0 = Release|Any CPU
		{3123569F-F40F-4C22-9DA4-3A8D6B4E515B}.Debug|Any CPU.ActiveCfg = Debug|Any CPU
		{3123569F-F40F-4C22-9DA4-3A8D6B4E515B}.Debug|Any CPU.Build.0 = Debug|Any CPU
		{3123569F-F40F-4C22-9DA4-3A8D6B4E515B}.Release|Any CPU.ActiveCfg = Release|Any CPU
		{3123569F-F40F-4C22-9DA4-3A8D6B4E515B}.Release|Any CPU.Build.0 = Release|Any CPU
		{6BF739C4-1B51-41C4-BAA9-206B5698D56E}.Debug|Any CPU.ActiveCfg = Debug|Any CPU
		{6BF739C4-1B51-41C4-BAA9-206B5698D56E}.Debug|Any CPU.Build.0 = Debug|Any CPU
		{6BF739C4-1B51-41C4-BAA9-206B5698D56E}.Release|Any CPU.ActiveCfg = Release|Any CPU
		{6BF739C4-1B51-41C4-BAA9-206B5698D56E}.Release|Any CPU.Build.0 = Release|Any CPU
		{882CFD78-A7CE-42F7-9E8E-96144DF94874}.Debug|Any CPU.ActiveCfg = Debug|Any CPU
		{882CFD78-A7CE-42F7-9E8E-96144DF94874}.Debug|Any CPU.Build.0 = Debug|Any CPU
		{882CFD78-A7CE-42F7-9E8E-96144DF94874}.Release|Any CPU.ActiveCfg = Release|Any CPU
		{882CFD78-A7CE-42F7-9E8E-96144DF94874}.Release|Any CPU.Build.0 = Release|Any CPU
		{CA38C0A2-7234-42D4-BE89-2314696B8A26}.Debug|Any CPU.ActiveCfg = Debug|Any CPU
		{CA38C0A2-7234-42D4-BE89-2314696B8A26}.Debug|Any CPU.Build.0 = Debug|Any CPU
		{CA38C0A2-7234-42D4-BE89-2314696B8A26}.Release|Any CPU.ActiveCfg = Release|Any CPU
		{CA38C0A2-7234-42D4-BE89-2314696B8A26}.Release|Any CPU.Build.0 = Release|Any CPU
		{72240E3C-280A-4F2F-B164-5C6BFFF383E9}.Debug|Any CPU.ActiveCfg = Debug|Any CPU
		{72240E3C-280A-4F2F-B164-5C6BFFF383E9}.Debug|Any CPU.Build.0 = Debug|Any CPU
		{72240E3C-280A-4F2F-B164-5C6BFFF383E9}.Release|Any CPU.ActiveCfg = Release|Any CPU
		{72240E3C-280A-4F2F-B164-5C6BFFF383E9}.Release|Any CPU.Build.0 = Release|Any CPU
		{C062B99B-3AB3-49D8-873B-A7AB51D6CE58}.Debug|Any CPU.ActiveCfg = Debug|Any CPU
		{C062B99B-3AB3-49D8-873B-A7AB51D6CE58}.Debug|Any CPU.Build.0 = Debug|Any CPU
		{C062B99B-3AB3-49D8-873B-A7AB51D6CE58}.Release|Any CPU.ActiveCfg = Release|Any CPU
		{C062B99B-3AB3-49D8-873B-A7AB51D6CE58}.Release|Any CPU.Build.0 = Release|Any CPU
		{541123AD-1DB2-40EA-BFF3-2E7E65BF4F69}.Debug|Any CPU.ActiveCfg = Debug|Any CPU
		{541123AD-1DB2-40EA-BFF3-2E7E65BF4F69}.Debug|Any CPU.Build.0 = Debug|Any CPU
		{541123AD-1DB2-40EA-BFF3-2E7E65BF4F69}.Release|Any CPU.ActiveCfg = Release|Any CPU
		{541123AD-1DB2-40EA-BFF3-2E7E65BF4F69}.Release|Any CPU.Build.0 = Release|Any CPU
		{2B04E89B-0519-4813-9B24-68ABED97D42A}.Debug|Any CPU.ActiveCfg = Debug|Any CPU
		{2B04E89B-0519-4813-9B24-68ABED97D42A}.Debug|Any CPU.Build.0 = Debug|Any CPU
		{2B04E89B-0519-4813-9B24-68ABED97D42A}.Release|Any CPU.ActiveCfg = Release|Any CPU
		{2B04E89B-0519-4813-9B24-68ABED97D42A}.Release|Any CPU.Build.0 = Release|Any CPU
		{873D4C8C-C94A-4097-B39C-22D13FB88969}.Debug|Any CPU.ActiveCfg = Debug|Any CPU
		{873D4C8C-C94A-4097-B39C-22D13FB88969}.Debug|Any CPU.Build.0 = Debug|Any CPU
		{873D4C8C-C94A-4097-B39C-22D13FB88969}.Release|Any CPU.ActiveCfg = Release|Any CPU
		{873D4C8C-C94A-4097-B39C-22D13FB88969}.Release|Any CPU.Build.0 = Release|Any CPU
		{2C13E656-6A9E-4D6C-A6A9-AAB877116A10}.Debug|Any CPU.ActiveCfg = Debug|Any CPU
		{2C13E656-6A9E-4D6C-A6A9-AAB877116A10}.Debug|Any CPU.Build.0 = Debug|Any CPU
		{2C13E656-6A9E-4D6C-A6A9-AAB877116A10}.Release|Any CPU.ActiveCfg = Release|Any CPU
		{2C13E656-6A9E-4D6C-A6A9-AAB877116A10}.Release|Any CPU.Build.0 = Release|Any CPU
		{2E942F56-45E4-4D8C-8934-EB9F83F96770}.Debug|Any CPU.ActiveCfg = Debug|Any CPU
		{2E942F56-45E4-4D8C-8934-EB9F83F96770}.Debug|Any CPU.Build.0 = Debug|Any CPU
		{2E942F56-45E4-4D8C-8934-EB9F83F96770}.Release|Any CPU.ActiveCfg = Release|Any CPU
		{2E942F56-45E4-4D8C-8934-EB9F83F96770}.Release|Any CPU.Build.0 = Release|Any CPU
		{07D8C4FD-2055-4716-B0FA-164103A67C89}.Debug|Any CPU.ActiveCfg = Debug|Any CPU
		{07D8C4FD-2055-4716-B0FA-164103A67C89}.Debug|Any CPU.Build.0 = Debug|Any CPU
		{07D8C4FD-2055-4716-B0FA-164103A67C89}.Release|Any CPU.ActiveCfg = Release|Any CPU
		{07D8C4FD-2055-4716-B0FA-164103A67C89}.Release|Any CPU.Build.0 = Release|Any CPU
		{D9290BCD-1667-47FF-9683-CB8B3763561F}.Debug|Any CPU.ActiveCfg = Debug|Any CPU
		{D9290BCD-1667-47FF-9683-CB8B3763561F}.Debug|Any CPU.Build.0 = Debug|Any CPU
		{D9290BCD-1667-47FF-9683-CB8B3763561F}.Release|Any CPU.ActiveCfg = Release|Any CPU
		{D9290BCD-1667-47FF-9683-CB8B3763561F}.Release|Any CPU.Build.0 = Release|Any CPU
		{BDE1D94A-1834-413E-89B1-D66A794A6DE5}.Debug|Any CPU.ActiveCfg = Debug|Any CPU
		{BDE1D94A-1834-413E-89B1-D66A794A6DE5}.Debug|Any CPU.Build.0 = Debug|Any CPU
		{BDE1D94A-1834-413E-89B1-D66A794A6DE5}.Release|Any CPU.ActiveCfg = Release|Any CPU
		{BDE1D94A-1834-413E-89B1-D66A794A6DE5}.Release|Any CPU.Build.0 = Release|Any CPU
		{A0DAD3F1-7517-4056-82E4-A5CF80B63411}.Debug|Any CPU.ActiveCfg = Debug|Any CPU
		{A0DAD3F1-7517-4056-82E4-A5CF80B63411}.Debug|Any CPU.Build.0 = Debug|Any CPU
		{A0DAD3F1-7517-4056-82E4-A5CF80B63411}.Release|Any CPU.ActiveCfg = Release|Any CPU
		{A0DAD3F1-7517-4056-82E4-A5CF80B63411}.Release|Any CPU.Build.0 = Release|Any CPU
		{E6038919-48D5-436C-9D64-68E429E2F8BB}.Debug|Any CPU.ActiveCfg = Debug|Any CPU
		{E6038919-48D5-436C-9D64-68E429E2F8BB}.Debug|Any CPU.Build.0 = Debug|Any CPU
		{E6038919-48D5-436C-9D64-68E429E2F8BB}.Release|Any CPU.ActiveCfg = Release|Any CPU
		{E6038919-48D5-436C-9D64-68E429E2F8BB}.Release|Any CPU.Build.0 = Release|Any CPU
		{4F33F467-0437-4573-9931-8DBC925DC4D8}.Debug|Any CPU.ActiveCfg = Debug|Any CPU
		{4F33F467-0437-4573-9931-8DBC925DC4D8}.Debug|Any CPU.Build.0 = Debug|Any CPU
		{4F33F467-0437-4573-9931-8DBC925DC4D8}.Release|Any CPU.ActiveCfg = Release|Any CPU
		{4F33F467-0437-4573-9931-8DBC925DC4D8}.Release|Any CPU.Build.0 = Release|Any CPU
		{6FA34F79-17A1-4D8D-91C2-B7EA135572EE}.Debug|Any CPU.ActiveCfg = Debug|Any CPU
		{6FA34F79-17A1-4D8D-91C2-B7EA135572EE}.Debug|Any CPU.Build.0 = Debug|Any CPU
		{6FA34F79-17A1-4D8D-91C2-B7EA135572EE}.Release|Any CPU.ActiveCfg = Release|Any CPU
		{6FA34F79-17A1-4D8D-91C2-B7EA135572EE}.Release|Any CPU.Build.0 = Release|Any CPU
		{D5C6ADA8-5547-44BC-BC6A-DC0A1E74B736}.Debug|Any CPU.ActiveCfg = Debug|Any CPU
		{D5C6ADA8-5547-44BC-BC6A-DC0A1E74B736}.Debug|Any CPU.Build.0 = Debug|Any CPU
		{D5C6ADA8-5547-44BC-BC6A-DC0A1E74B736}.Release|Any CPU.ActiveCfg = Release|Any CPU
		{D5C6ADA8-5547-44BC-BC6A-DC0A1E74B736}.Release|Any CPU.Build.0 = Release|Any CPU
		{9E6D8A14-3EAF-4E28-8C77-CC0E5C93E213}.Debug|Any CPU.ActiveCfg = Debug|Any CPU
		{9E6D8A14-3EAF-4E28-8C77-CC0E5C93E213}.Debug|Any CPU.Build.0 = Debug|Any CPU
		{9E6D8A14-3EAF-4E28-8C77-CC0E5C93E213}.Release|Any CPU.ActiveCfg = Release|Any CPU
		{9E6D8A14-3EAF-4E28-8C77-CC0E5C93E213}.Release|Any CPU.Build.0 = Release|Any CPU
		{6202FCBE-0E88-45F5-B433-546D0064252C}.Debug|Any CPU.ActiveCfg = Debug|Any CPU
		{6202FCBE-0E88-45F5-B433-546D0064252C}.Debug|Any CPU.Build.0 = Debug|Any CPU
		{6202FCBE-0E88-45F5-B433-546D0064252C}.Release|Any CPU.ActiveCfg = Release|Any CPU
		{6202FCBE-0E88-45F5-B433-546D0064252C}.Release|Any CPU.Build.0 = Release|Any CPU
	EndGlobalSection
	GlobalSection(SolutionProperties) = preSolution
		HideSolutionNode = FALSE
	EndGlobalSection
	GlobalSection(NestedProjects) = preSolution
		{BBE587CF-8575-4071-9987-1DD0A2FEB0D8} = {506C6FA6-9F4A-4D51-A376-A5B1354B5700}
		{3AFCAD3E-F6E1-4468-B670-25953A92F884} = {506C6FA6-9F4A-4D51-A376-A5B1354B5700}
		{C60FF0EC-11FD-49AA-9734-EF778FFE6DC7} = {506C6FA6-9F4A-4D51-A376-A5B1354B5700}
		{9184E0CA-8B19-417F-9A01-942581C0DE62} = {506C6FA6-9F4A-4D51-A376-A5B1354B5700}
		{82DE0B31-4E96-4CEC-8ABD-7040D3E8344C} = {506C6FA6-9F4A-4D51-A376-A5B1354B5700}
		{A27F85D3-910F-4B89-AF19-306120FCB1DF} = {506C6FA6-9F4A-4D51-A376-A5B1354B5700}
		{A8269203-D2BD-4807-93FC-B78FB2B0BCC7} = {886104E6-AFCB-4626-B928-B4E14E6BAA3E}
		{57F37932-94BF-4BCB-AF2A-207A256BF9E8} = {886104E6-AFCB-4626-B928-B4E14E6BAA3E}
		{D77B5F97-8161-4374-959D-24459207E5D2} = {886104E6-AFCB-4626-B928-B4E14E6BAA3E}
		{282E8DF8-8EBB-41E3-B0B6-DC9B91320AC1} = {7AECF715-A16A-47B0-8EF3-C88E3BA1CFED}
		{9F0EF120-5B23-4B43-92E1-8474C4D95F7E} = {7AECF715-A16A-47B0-8EF3-C88E3BA1CFED}
		{81BA3316-C6A7-40D8-A257-5D02014A9F18} = {7AECF715-A16A-47B0-8EF3-C88E3BA1CFED}
		{EFE6DB27-739C-4EFC-9A08-C3C36C246B8F} = {7AECF715-A16A-47B0-8EF3-C88E3BA1CFED}
		{69CFBD08-3824-4683-A489-C912C89DC02C} = {7AECF715-A16A-47B0-8EF3-C88E3BA1CFED}
		{EF559A1D-633A-431B-82FA-1407340793D0} = {7AECF715-A16A-47B0-8EF3-C88E3BA1CFED}
		{500F0356-F034-4437-A580-12CAD2B9FBCF} = {7AECF715-A16A-47B0-8EF3-C88E3BA1CFED}
		{83986A89-3AF1-4696-93CC-2BB581A42B43} = {B219D59C-CC25-46AD-870C-5BC293642FC7}
		{3B95D879-4BBF-4C02-90EE-6899FADDC78C} = {B219D59C-CC25-46AD-870C-5BC293642FC7}
		{62AA64D6-1F88-4313-8FD1-2C4F5D676A7A} = {B219D59C-CC25-46AD-870C-5BC293642FC7}
		{4C38C161-48DA-41DE-BCF7-B33D7E1EF98C} = {B219D59C-CC25-46AD-870C-5BC293642FC7}
		{178878FF-B4F8-457F-99D0-1F171477FD5D} = {B219D59C-CC25-46AD-870C-5BC293642FC7}
		{50DA9F5E-B313-4142-A8A1-B754DB86A3EE} = {438EC530-6A0D-4E8A-B3A3-EB836E6F8E15}
		{8CBD4CE3-0B00-412E-9160-3E1B27AD6546} = {438EC530-6A0D-4E8A-B3A3-EB836E6F8E15}
		{04E18EA2-06B7-4C57-87C9-5361D2AAF537} = {438EC530-6A0D-4E8A-B3A3-EB836E6F8E15}
		{7C6ECBC2-0C42-4295-9936-998335C42248} = {438EC530-6A0D-4E8A-B3A3-EB836E6F8E15}
		{3123569F-F40F-4C22-9DA4-3A8D6B4E515B} = {DC224CFA-50B8-4973-8737-7444A50DBFAA}
		{6BF739C4-1B51-41C4-BAA9-206B5698D56E} = {DC224CFA-50B8-4973-8737-7444A50DBFAA}
		{882CFD78-A7CE-42F7-9E8E-96144DF94874} = {DC224CFA-50B8-4973-8737-7444A50DBFAA}
		{CA38C0A2-7234-42D4-BE89-2314696B8A26} = {DC224CFA-50B8-4973-8737-7444A50DBFAA}
		{72240E3C-280A-4F2F-B164-5C6BFFF383E9} = {DC224CFA-50B8-4973-8737-7444A50DBFAA}
		{C062B99B-3AB3-49D8-873B-A7AB51D6CE58} = {DC224CFA-50B8-4973-8737-7444A50DBFAA}
		{541123AD-1DB2-40EA-BFF3-2E7E65BF4F69} = {DC224CFA-50B8-4973-8737-7444A50DBFAA}
		{2B04E89B-0519-4813-9B24-68ABED97D42A} = {DC224CFA-50B8-4973-8737-7444A50DBFAA}
		{873D4C8C-C94A-4097-B39C-22D13FB88969} = {DC224CFA-50B8-4973-8737-7444A50DBFAA}
		{2C13E656-6A9E-4D6C-A6A9-AAB877116A10} = {0EEA0A73-FF69-44A1-AEF3-23767A92FB55}
		{2E942F56-45E4-4D8C-8934-EB9F83F96770} = {0EEA0A73-FF69-44A1-AEF3-23767A92FB55}
		{07D8C4FD-2055-4716-B0FA-164103A67C89} = {0EEA0A73-FF69-44A1-AEF3-23767A92FB55}
		{D9290BCD-1667-47FF-9683-CB8B3763561F} = {0EEA0A73-FF69-44A1-AEF3-23767A92FB55}
		{BDE1D94A-1834-413E-89B1-D66A794A6DE5} = {0EEA0A73-FF69-44A1-AEF3-23767A92FB55}
		{A0DAD3F1-7517-4056-82E4-A5CF80B63411} = {0EEA0A73-FF69-44A1-AEF3-23767A92FB55}
		{E6038919-48D5-436C-9D64-68E429E2F8BB} = {0EEA0A73-FF69-44A1-AEF3-23767A92FB55}
		{4F33F467-0437-4573-9931-8DBC925DC4D8} = {0EEA0A73-FF69-44A1-AEF3-23767A92FB55}
		{6FA34F79-17A1-4D8D-91C2-B7EA135572EE} = {0EEA0A73-FF69-44A1-AEF3-23767A92FB55}
		{D5C6ADA8-5547-44BC-BC6A-DC0A1E74B736} = {08C284E7-D4FB-48A5-9324-0E65012CAB29}
		{9E6D8A14-3EAF-4E28-8C77-CC0E5C93E213} = {39D3C17C-8E3B-4D0B-A692-A9505DB2DA41}
		{6202FCBE-0E88-45F5-B433-546D0064252C} = {08C284E7-D4FB-48A5-9324-0E65012CAB29}
	EndGlobalSection
	GlobalSection(ExtensibilityGlobals) = postSolution
		SolutionGuid = {4BF614E5-61CF-4D30-A7FE-7C3E60D51FA7}
	EndGlobalSection
EndGlobal
