
Microsoft Visual Studio Solution File, Format Version 12.00
# Visual Studio 15
VisualStudioVersion = 15.0.27130.2020
MinimumVisualStudioVersion = 10.0.40219.1
Project("{F2A71F9B-5D33-465A-A702-920D77279786}") = "StartWithFScharp", "StartWithFScharp\StartWithFScharp.fsproj", "{68E3E57E-775B-47AB-AE48-A27B910F1CDB}"
EndProject
Project("{FAE04EC0-301F-11D3-BF4B-00C04F79EFBC}") = "ConsoleApp1", "ConsoleApp1\ConsoleApp1.csproj", "{C220BBCE-7159-4C05-94A4-F2BC2C250115}"
EndProject
Project("{FAE04EC0-301F-11D3-BF4B-00C04F79EFBC}") = "WindowsFormsApp1", "WindowsFormsApp1\WindowsFormsApp1.csproj", "{55293149-0C04-4FC5-BB6B-93B34911F70B}"
EndProject
Project("{FAE04EC0-301F-11D3-BF4B-00C04F79EFBC}") = "WpfApp1", "WpfApp1\WpfApp1.csproj", "{996540A0-5A9D-4170-ACD3-56D2B4EB3279}"
EndProject
Global
	GlobalSection(SolutionConfigurationPlatforms) = preSolution
		Debug|Any CPU = Debug|Any CPU
		Release|Any CPU = Release|Any CPU
	EndGlobalSection
	GlobalSection(ProjectConfigurationPlatforms) = postSolution
		{68E3E57E-775B-47AB-AE48-A27B910F1CDB}.Debug|Any CPU.ActiveCfg = Debug|Any CPU
		{68E3E57E-775B-47AB-AE48-A27B910F1CDB}.Debug|Any CPU.Build.0 = Debug|Any CPU
		{68E3E57E-775B-47AB-AE48-A27B910F1CDB}.Release|Any CPU.ActiveCfg = Release|Any CPU
		{68E3E57E-775B-47AB-AE48-A27B910F1CDB}.Release|Any CPU.Build.0 = Release|Any CPU
		{C220BBCE-7159-4C05-94A4-F2BC2C250115}.Debug|Any CPU.ActiveCfg = Debug|Any CPU
		{C220BBCE-7159-4C05-94A4-F2BC2C250115}.Debug|Any CPU.Build.0 = Debug|Any CPU
		{C220BBCE-7159-4C05-94A4-F2BC2C250115}.Release|Any CPU.ActiveCfg = Release|Any CPU
		{C220BBCE-7159-4C05-94A4-F2BC2C250115}.Release|Any CPU.Build.0 = Release|Any CPU
		{55293149-0C04-4FC5-BB6B-93B34911F70B}.Debug|Any CPU.ActiveCfg = Debug|Any CPU
		{55293149-0C04-4FC5-BB6B-93B34911F70B}.Debug|Any CPU.Build.0 = Debug|Any CPU
		{55293149-0C04-4FC5-BB6B-93B34911F70B}.Release|Any CPU.ActiveCfg = Release|Any CPU
		{55293149-0C04-4FC5-BB6B-93B34911F70B}.Release|Any CPU.Build.0 = Release|Any CPU
		{996540A0-5A9D-4170-ACD3-56D2B4EB3279}.Debug|Any CPU.ActiveCfg = Debug|Any CPU
		{996540A0-5A9D-4170-ACD3-56D2B4EB3279}.Debug|Any CPU.Build.0 = Debug|Any CPU
		{996540A0-5A9D-4170-ACD3-56D2B4EB3279}.Release|Any CPU.ActiveCfg = Release|Any CPU
		{996540A0-5A9D-4170-ACD3-56D2B4EB3279}.Release|Any CPU.Build.0 = Release|Any CPU
	EndGlobalSection
	GlobalSection(SolutionProperties) = preSolution
		HideSolutionNode = FALSE
	EndGlobalSection
	GlobalSection(ExtensibilityGlobals) = postSolution
		SolutionGuid = {061D2A89-70BF-47A8-AD90-CFFADB0956A9}
	EndGlobalSection
EndGlobal
