
Microsoft Visual Studio Solution File, Format Version 12.00
# Visual Studio 15
VisualStudioVersion = 15.0.28307.168
MinimumVisualStudioVersion = 10.0.40219.1
Project("{888888A0-9F3D-457C-B088-3A5042F75D52}") = "RegressionPolynomiale", "RegressionPolynomiale\RegressionPolynomiale.pyproj", "{2D275951-F8CE-4E02-93BB-07E852233010}"
EndProject
Global
	GlobalSection(SolutionConfigurationPlatforms) = preSolution
		Debug|Any CPU = Debug|Any CPU
		Release|Any CPU = Release|Any CPU
	EndGlobalSection
	GlobalSection(ProjectConfigurationPlatforms) = postSolution
		{2D275951-F8CE-4E02-93BB-07E852233010}.Debug|Any CPU.ActiveCfg = Debug|Any CPU
		{2D275951-F8CE-4E02-93BB-07E852233010}.Release|Any CPU.ActiveCfg = Release|Any CPU
	EndGlobalSection
	GlobalSection(SolutionProperties) = preSolution
		HideSolutionNode = FALSE
	EndGlobalSection
	GlobalSection(ExtensibilityGlobals) = postSolution
		SolutionGuid = {D4E0A89D-FB04-486D-963C-A3D5CCE5A765}
	EndGlobalSection
EndGlobal
