
Microsoft Visual Studio Solution File, Format Version 12.00
# Visual Studio 15
VisualStudioVersion = 15.0.28307.168
MinimumVisualStudioVersion = 10.0.40219.1
Project("{159641D6-6404-4A2A-AE62-294DE0FE8301}") = "IMC blood analyse", "IMC blood analyse\IMC blood analyse.dtproj", "{42EE7FD9-AADC-4EE4-8114-D308D100C60A}"
EndProject
Global
	GlobalSection(SolutionConfigurationPlatforms) = preSolution
		Development|Default = Development|Default
	EndGlobalSection
	GlobalSection(ProjectConfigurationPlatforms) = postSolution
		{42EE7FD9-AADC-4EE4-8114-D308D100C60A}.Development|Default.ActiveCfg = Development
		{42EE7FD9-AADC-4EE4-8114-D308D100C60A}.Development|Default.Build.0 = Development
	EndGlobalSection
	GlobalSection(SolutionProperties) = preSolution
		HideSolutionNode = FALSE
	EndGlobalSection
	GlobalSection(ExtensibilityGlobals) = postSolution
		SolutionGuid = {64AF0051-563A-4EAE-BE59-79A907B6CD63}
	EndGlobalSection
EndGlobal
